PODS:
  - Alamofire (5.6.2)
  - SwiftDate (6.3.1)
  - SwiftyJSON (5.0.1)

DEPENDENCIES:
  - Alamofire
  - SwiftDate
  - SwiftyJSON

SPEC REPOS:
  trunk:
    - Alamofire
    - SwiftDate
    - SwiftyJSON

SPEC CHECKSUMS:
  Alamofire: d368e1ff8a298e6dde360e35a3e68e6c610e7204
  SwiftDate: 72d28954e8e1c6c1c0f917ccc8005e4f83c7d4b2
  SwiftyJSON: 2f33a42c6fbc52764d96f13368585094bfd8aa5e

PODFILE CHECKSUM: 1734215ae13dd8181e45326c6ee9038641f06894

COCOAPODS: 1.10.2
